
Microsoft Visual Studio Solution File, Format Version 12.00
# Visual Studio Version 17
VisualStudioVersion = 17.3.32819.101
MinimumVisualStudioVersion = 10.0.40219.1
Project("{FAE04EC0-301F-11D3-BF4B-00C04F79EFBC}") = "Suma set y get", "Suma set y get\Suma set y get.csproj", "{184C936E-931E-478F-8909-DE72DFBB1BF9}"
EndProject
Global
	GlobalSection(SolutionConfigurationPlatforms) = preSolution
		Debug|Any CPU = Debug|Any CPU
		Release|Any CPU = Release|Any CPU
	EndGlobalSection
	GlobalSection(ProjectConfigurationPlatforms) = postSolution
		{184C936E-931E-478F-8909-DE72DFBB1BF9}.Debug|Any CPU.ActiveCfg = Debug|Any CPU
		{184C936E-931E-478F-8909-DE72DFBB1BF9}.Debug|Any CPU.Build.0 = Debug|Any CPU
		{184C936E-931E-478F-8909-DE72DFBB1BF9}.Release|Any CPU.ActiveCfg = Release|Any CPU
		{184C936E-931E-478F-8909-DE72DFBB1BF9}.Release|Any CPU.Build.0 = Release|Any CPU
	EndGlobalSection
	GlobalSection(SolutionProperties) = preSolution
		HideSolutionNode = FALSE
	EndGlobalSection
	GlobalSection(ExtensibilityGlobals) = postSolution
		SolutionGuid = {129AE368-1745-47F8-A7F7-E76F43E83EB8}
	EndGlobalSection
EndGlobal
